// !$*UTF8*$!
{
	archiveVersion = 1;
	classes = {
	};
	objectVersion = 55;
	objects = {

/* Begin PBXBuildFile section */
		61544A5C283ED34C00FC70CE /* AppDelegate.swift in Sources */ = {isa = PBXBuildFile; fileRef = 61544A5B283ED34C00FC70CE /* AppDelegate.swift */; };
		61544A5E283ED34C00FC70CE /* SceneDelegate.swift in Sources */ = {isa = PBXBuildFile; fileRef = 61544A5D283ED34C00FC70CE /* SceneDelegate.swift */; };
		61544A60283ED34C00FC70CE /* ViewController.swift in Sources */ = {isa = PBXBuildFile; fileRef = 61544A5F283ED34C00FC70CE /* ViewController.swift */; };
		61544A63283ED34C00FC70CE /* Main.storyboard in Resources */ = {isa = PBXBuildFile; fileRef = 61544A61283ED34C00FC70CE /* Main.storyboard */; };
		61544A66283ED34C00FC70CE /* FunZoneApp.xcdatamodeld in Sources */ = {isa = PBXBuildFile; fileRef = 61544A64283ED34C00FC70CE /* FunZoneApp.xcdatamodeld */; };
		61544A68283ED34E00FC70CE /* Assets.xcassets in Resources */ = {isa = PBXBuildFile; fileRef = 61544A67283ED34E00FC70CE /* Assets.xcassets */; };
		61544A6B283ED34E00FC70CE /* LaunchScreen.storyboard in Resources */ = {isa = PBXBuildFile; fileRef = 61544A69283ED34E00FC70CE /* LaunchScreen.storyboard */; };
		615DE82D2847CC050010692A /* KeychainManager.swift in Sources */ = {isa = PBXBuildFile; fileRef = 615DE82C2847CC050010692A /* KeychainManager.swift */; };
		615DE82F2847CCA70010692A /* RememberMeHelper.swift in Sources */ = {isa = PBXBuildFile; fileRef = 615DE82E2847CCA70010692A /* RememberMeHelper.swift */; };
		615DE8312847CFF40010692A /* LoginErrors.swift in Sources */ = {isa = PBXBuildFile; fileRef = 615DE8302847CFF40010692A /* LoginErrors.swift */; };
		615DE8332847D8B20010692A /* MetaData.swift in Sources */ = {isa = PBXBuildFile; fileRef = 615DE8322847D8B20010692A /* MetaData.swift */; };
		615DE8B2284834500010692A /* BookViewController.swift in Sources */ = {isa = PBXBuildFile; fileRef = 615DE8B1284834500010692A /* BookViewController.swift */; };
		615DE8B52848417F0010692A /* swiftui-apprentice.pdf in Resources */ = {isa = PBXBuildFile; fileRef = 615DE8B42848417F0010692A /* swiftui-apprentice.pdf */; };
		615DE8B82848467B0010692A /* Taylor_Swift_-_Our_Song_(getmp3.pro).mp3 in Resources */ = {isa = PBXBuildFile; fileRef = 615DE8B72848467B0010692A /* Taylor_Swift_-_Our_Song_(getmp3.pro).mp3 */; };
		615DE8BB28484E1D0010692A /* SearchViewController.swift in Sources */ = {isa = PBXBuildFile; fileRef = 615DE8BA28484E1D0010692A /* SearchViewController.swift */; };
		615DE8BD2848509D0010692A /* SearchBrowsers.swift in Sources */ = {isa = PBXBuildFile; fileRef = 615DE8BC2848509D0010692A /* SearchBrowsers.swift */; };
		615DE8BF284852380010692A /* SearchCollectionViewCell.swift in Sources */ = {isa = PBXBuildFile; fileRef = 615DE8BE284852380010692A /* SearchCollectionViewCell.swift */; };
		6189A921284917E2003BFA7C /* Helpers.swift in Sources */ = {isa = PBXBuildFile; fileRef = 6189A920284917E2003BFA7C /* Helpers.swift */; };
		6189A96C2849B2E8003BFA7C /* User+CoreDataClass.swift in Sources */ = {isa = PBXBuildFile; fileRef = 6189A96A2849B2E8003BFA7C /* User+CoreDataClass.swift */; };
		6189A96D2849B2E8003BFA7C /* User+CoreDataProperties.swift in Sources */ = {isa = PBXBuildFile; fileRef = 6189A96B2849B2E8003BFA7C /* User+CoreDataProperties.swift */; };
		6189A9702849B408003BFA7C /* DBHelperClass.swift in Sources */ = {isa = PBXBuildFile; fileRef = 6189A96F2849B408003BFA7C /* DBHelperClass.swift */; };
		6189A9722849C156003BFA7C /* SignupErrors.swift in Sources */ = {isa = PBXBuildFile; fileRef = 6189A9712849C156003BFA7C /* SignupErrors.swift */; };
		6189A99C284A7F44003BFA7C /* WebPageViewController.swift in Sources */ = {isa = PBXBuildFile; fileRef = 6189A99B284A7F44003BFA7C /* WebPageViewController.swift */; };
		61A38D9B2842DB6C00CABC1C /* Movies.swift in Sources */ = {isa = PBXBuildFile; fileRef = 61A38D9A2842DB6C00CABC1C /* Movies.swift */; };
		61A38D9D2842DD1A00CABC1C /* MovieCollectionViewCell.swift in Sources */ = {isa = PBXBuildFile; fileRef = 61A38D9C2842DD1A00CABC1C /* MovieCollectionViewCell.swift */; };
		61A38D9F2842E12000CABC1C /* MoviesViewController.swift in Sources */ = {isa = PBXBuildFile; fileRef = 61A38D9E2842E12000CABC1C /* MoviesViewController.swift */; };
		61A38DA22842FC1E00CABC1C /* RecommendedCollectionViewCell.swift in Sources */ = {isa = PBXBuildFile; fileRef = 61A38DA12842FC1E00CABC1C /* RecommendedCollectionViewCell.swift */; };
		61A38DB22843EE2F00CABC1C /* BooksViewController.swift in Sources */ = {isa = PBXBuildFile; fileRef = 61A38DB12843EE2F00CABC1C /* BooksViewController.swift */; };
		61A38DB42843F3DE00CABC1C /* ActionButtonCollectionViewCell.swift in Sources */ = {isa = PBXBuildFile; fileRef = 61A38DB32843F3DE00CABC1C /* ActionButtonCollectionViewCell.swift */; };
		61A38DB62843F83C00CABC1C /* BooksActions.swift in Sources */ = {isa = PBXBuildFile; fileRef = 61A38DB52843F83C00CABC1C /* BooksActions.swift */; };
		61A38DB82843FDAE00CABC1C /* Books.swift in Sources */ = {isa = PBXBuildFile; fileRef = 61A38DB72843FDAE00CABC1C /* Books.swift */; };
		61A38DBA2843FDD900CABC1C /* BookCollectionViewCell.swift in Sources */ = {isa = PBXBuildFile; fileRef = 61A38DB92843FDD900CABC1C /* BookCollectionViewCell.swift */; };
		61A38DBD284470D900CABC1C /* Songs.swift in Sources */ = {isa = PBXBuildFile; fileRef = 61A38DBC284470D900CABC1C /* Songs.swift */; };
		61A38DBF2844710300CABC1C /* SongPageViewController.swift in Sources */ = {isa = PBXBuildFile; fileRef = 61A38DBE2844710300CABC1C /* SongPageViewController.swift */; };
		61A38DC12844714800CABC1C /* SongCollectionViewCell.swift in Sources */ = {isa = PBXBuildFile; fileRef = 61A38DC02844714800CABC1C /* SongCollectionViewCell.swift */; };
		61A38DC32844860B00CABC1C /* SongPageActionButtonCollectionViewCell.swift in Sources */ = {isa = PBXBuildFile; fileRef = 61A38DC22844860B00CABC1C /* SongPageActionButtonCollectionViewCell.swift */; };
		61A38DC5284486E800CABC1C /* SongsActions.swift in Sources */ = {isa = PBXBuildFile; fileRef = 61A38DC4284486E800CABC1C /* SongsActions.swift */; };
		61AEBE592846E84000DDF871 /* NotesCollectionViewCell.swift in Sources */ = {isa = PBXBuildFile; fileRef = 61AEBE582846E84000DDF871 /* NotesCollectionViewCell.swift */; };
		61AEBE5B2846E8B200DDF871 /* NotesPageActionCollectionViewCell.swift in Sources */ = {isa = PBXBuildFile; fileRef = 61AEBE5A2846E8B200DDF871 /* NotesPageActionCollectionViewCell.swift */; };
		61AEBE5D2846E8D000DDF871 /* Notes.swift in Sources */ = {isa = PBXBuildFile; fileRef = 61AEBE5C2846E8D000DDF871 /* Notes.swift */; };
		61AEBE5F2846E8E300DDF871 /* NotesActions.swift in Sources */ = {isa = PBXBuildFile; fileRef = 61AEBE5E2846E8E300DDF871 /* NotesActions.swift */; };
		61AEBE612846EC2600DDF871 /* NotesViewController.swift in Sources */ = {isa = PBXBuildFile; fileRef = 61AEBE602846EC2600DDF871 /* NotesViewController.swift */; };
		61DEC5D7284073290033838F /* SignUpViewController.swift in Sources */ = {isa = PBXBuildFile; fileRef = 61DEC5D6284073290033838F /* SignUpViewController.swift */; };
		61DEC5DC284079A60033838F /* LoginViewController.swift in Sources */ = {isa = PBXBuildFile; fileRef = 61DEC5DB284079A60033838F /* LoginViewController.swift */; };
		61DEC5DF28407B820033838F /* addBorderRadius.swift in Sources */ = {isa = PBXBuildFile; fileRef = 61DEC5DE28407B820033838F /* addBorderRadius.swift */; };
/* End PBXBuildFile section */

/* Begin PBXFileReference section */
		61544A58283ED34C00FC70CE /* FunZoneApp.app */ = {isa = PBXFileReference; explicitFileType = wrapper.application; includeInIndex = 0; path = FunZoneApp.app; sourceTree = BUILT_PRODUCTS_DIR; };
		61544A5B283ED34C00FC70CE /* AppDelegate.swift */ = {isa = PBXFileReference; lastKnownFileType = sourcecode.swift; path = AppDelegate.swift; sourceTree = "<group>"; };
		61544A5D283ED34C00FC70CE /* SceneDelegate.swift */ = {isa = PBXFileReference; lastKnownFileType = sourcecode.swift; path = SceneDelegate.swift; sourceTree = "<group>"; };
		61544A5F283ED34C00FC70CE /* ViewController.swift */ = {isa = PBXFileReference; lastKnownFileType = sourcecode.swift; path = ViewController.swift; sourceTree = "<group>"; };
		61544A62283ED34C00FC70CE /* Base */ = {isa = PBXFileReference; lastKnownFileType = file.storyboard; name = Base; path = Base.lproj/Main.storyboard; sourceTree = "<group>"; };
		61544A65283ED34C00FC70CE /* FunZoneApp.xcdatamodel */ = {isa = PBXFileReference; lastKnownFileType = wrapper.xcdatamodel; path = FunZoneApp.xcdatamodel; sourceTree = "<group>"; };
		61544A67283ED34E00FC70CE /* Assets.xcassets */ = {isa = PBXFileReference; lastKnownFileType = folder.assetcatalog; path = Assets.xcassets; sourceTree = "<group>"; };
		61544A6A283ED34E00FC70CE /* Base */ = {isa = PBXFileReference; lastKnownFileType = file.storyboard; name = Base; path = Base.lproj/LaunchScreen.storyboard; sourceTree = "<group>"; };
		61544A6C283ED34E00FC70CE /* Info.plist */ = {isa = PBXFileReference; lastKnownFileType = text.plist.xml; path = Info.plist; sourceTree = "<group>"; };
		615DE82C2847CC050010692A /* KeychainManager.swift */ = {isa = PBXFileReference; lastKnownFileType = sourcecode.swift; path = KeychainManager.swift; sourceTree = "<group>"; };
		615DE82E2847CCA70010692A /* RememberMeHelper.swift */ = {isa = PBXFileReference; lastKnownFileType = sourcecode.swift; path = RememberMeHelper.swift; sourceTree = "<group>"; };
		615DE8302847CFF40010692A /* LoginErrors.swift */ = {isa = PBXFileReference; lastKnownFileType = sourcecode.swift; path = LoginErrors.swift; sourceTree = "<group>"; };
		615DE8322847D8B20010692A /* MetaData.swift */ = {isa = PBXFileReference; lastKnownFileType = sourcecode.swift; path = MetaData.swift; sourceTree = "<group>"; };
		615DE8B1284834500010692A /* BookViewController.swift */ = {isa = PBXFileReference; lastKnownFileType = sourcecode.swift; path = BookViewController.swift; sourceTree = "<group>"; };
		615DE8B42848417F0010692A /* swiftui-apprentice.pdf */ = {isa = PBXFileReference; lastKnownFileType = image.pdf; name = "swiftui-apprentice.pdf"; path = "../../../../../../Downloads/swiftui-apprentice.pdf"; sourceTree = "<group>"; };
		615DE8B72848467B0010692A /* Taylor_Swift_-_Our_Song_(getmp3.pro).mp3 */ = {isa = PBXFileReference; lastKnownFileType = audio.mp3; name = "Taylor_Swift_-_Our_Song_(getmp3.pro).mp3"; path = "../../../../../../Downloads/Taylor_Swift_-_Our_Song_(getmp3.pro).mp3"; sourceTree = "<group>"; };
		615DE8BA28484E1D0010692A /* SearchViewController.swift */ = {isa = PBXFileReference; lastKnownFileType = sourcecode.swift; path = SearchViewController.swift; sourceTree = "<group>"; };
		615DE8BC2848509D0010692A /* SearchBrowsers.swift */ = {isa = PBXFileReference; lastKnownFileType = sourcecode.swift; path = SearchBrowsers.swift; sourceTree = "<group>"; };
		615DE8BE284852380010692A /* SearchCollectionViewCell.swift */ = {isa = PBXFileReference; lastKnownFileType = sourcecode.swift; path = SearchCollectionViewCell.swift; sourceTree = "<group>"; };
		6189A920284917E2003BFA7C /* Helpers.swift */ = {isa = PBXFileReference; lastKnownFileType = sourcecode.swift; path = Helpers.swift; sourceTree = "<group>"; };
		6189A96A2849B2E8003BFA7C /* User+CoreDataClass.swift */ = {isa = PBXFileReference; lastKnownFileType = sourcecode.swift; path = "User+CoreDataClass.swift"; sourceTree = "<group>"; };
		6189A96B2849B2E8003BFA7C /* User+CoreDataProperties.swift */ = {isa = PBXFileReference; lastKnownFileType = sourcecode.swift; path = "User+CoreDataProperties.swift"; sourceTree = "<group>"; };
		6189A96F2849B408003BFA7C /* DBHelperClass.swift */ = {isa = PBXFileReference; lastKnownFileType = sourcecode.swift; path = DBHelperClass.swift; sourceTree = "<group>"; };
		6189A9712849C156003BFA7C /* SignupErrors.swift */ = {isa = PBXFileReference; lastKnownFileType = sourcecode.swift; path = SignupErrors.swift; sourceTree = "<group>"; };
		6189A99B284A7F44003BFA7C /* WebPageViewController.swift */ = {isa = PBXFileReference; lastKnownFileType = sourcecode.swift; path = WebPageViewController.swift; sourceTree = "<group>"; };
		61A38D9A2842DB6C00CABC1C /* Movies.swift */ = {isa = PBXFileReference; lastKnownFileType = sourcecode.swift; path = Movies.swift; sourceTree = "<group>"; };
		61A38D9C2842DD1A00CABC1C /* MovieCollectionViewCell.swift */ = {isa = PBXFileReference; lastKnownFileType = sourcecode.swift; path = MovieCollectionViewCell.swift; sourceTree = "<group>"; };
		61A38D9E2842E12000CABC1C /* MoviesViewController.swift */ = {isa = PBXFileReference; lastKnownFileType = sourcecode.swift; path = MoviesViewController.swift; sourceTree = "<group>"; };
		61A38DA12842FC1E00CABC1C /* RecommendedCollectionViewCell.swift */ = {isa = PBXFileReference; lastKnownFileType = sourcecode.swift; path = RecommendedCollectionViewCell.swift; sourceTree = "<group>"; };
		61A38DB12843EE2F00CABC1C /* BooksViewController.swift */ = {isa = PBXFileReference; lastKnownFileType = sourcecode.swift; path = BooksViewController.swift; sourceTree = "<group>"; };
		61A38DB32843F3DE00CABC1C /* ActionButtonCollectionViewCell.swift */ = {isa = PBXFileReference; lastKnownFileType = sourcecode.swift; path = ActionButtonCollectionViewCell.swift; sourceTree = "<group>"; };
		61A38DB52843F83C00CABC1C /* BooksActions.swift */ = {isa = PBXFileReference; lastKnownFileType = sourcecode.swift; path = BooksActions.swift; sourceTree = "<group>"; };
		61A38DB72843FDAE00CABC1C /* Books.swift */ = {isa = PBXFileReference; lastKnownFileType = sourcecode.swift; path = Books.swift; sourceTree = "<group>"; };
		61A38DB92843FDD900CABC1C /* BookCollectionViewCell.swift */ = {isa = PBXFileReference; lastKnownFileType = sourcecode.swift; path = BookCollectionViewCell.swift; sourceTree = "<group>"; };
		61A38DBC284470D900CABC1C /* Songs.swift */ = {isa = PBXFileReference; lastKnownFileType = sourcecode.swift; path = Songs.swift; sourceTree = "<group>"; };
		61A38DBE2844710300CABC1C /* SongPageViewController.swift */ = {isa = PBXFileReference; lastKnownFileType = sourcecode.swift; path = SongPageViewController.swift; sourceTree = "<group>"; };
		61A38DC02844714800CABC1C /* SongCollectionViewCell.swift */ = {isa = PBXFileReference; lastKnownFileType = sourcecode.swift; path = SongCollectionViewCell.swift; sourceTree = "<group>"; };
		61A38DC22844860B00CABC1C /* SongPageActionButtonCollectionViewCell.swift */ = {isa = PBXFileReference; lastKnownFileType = sourcecode.swift; path = SongPageActionButtonCollectionViewCell.swift; sourceTree = "<group>"; };
		61A38DC4284486E800CABC1C /* SongsActions.swift */ = {isa = PBXFileReference; lastKnownFileType = sourcecode.swift; path = SongsActions.swift; sourceTree = "<group>"; };
		61AEBE582846E84000DDF871 /* NotesCollectionViewCell.swift */ = {isa = PBXFileReference; lastKnownFileType = sourcecode.swift; path = NotesCollectionViewCell.swift; sourceTree = "<group>"; };
		61AEBE5A2846E8B200DDF871 /* NotesPageActionCollectionViewCell.swift */ = {isa = PBXFileReference; lastKnownFileType = sourcecode.swift; path = NotesPageActionCollectionViewCell.swift; sourceTree = "<group>"; };
		61AEBE5C2846E8D000DDF871 /* Notes.swift */ = {isa = PBXFileReference; lastKnownFileType = sourcecode.swift; path = Notes.swift; sourceTree = "<group>"; };
		61AEBE5E2846E8E300DDF871 /* NotesActions.swift */ = {isa = PBXFileReference; lastKnownFileType = sourcecode.swift; path = NotesActions.swift; sourceTree = "<group>"; };
		61AEBE602846EC2600DDF871 /* NotesViewController.swift */ = {isa = PBXFileReference; lastKnownFileType = sourcecode.swift; path = NotesViewController.swift; sourceTree = "<group>"; };
		61DEC5D6284073290033838F /* SignUpViewController.swift */ = {isa = PBXFileReference; lastKnownFileType = sourcecode.swift; path = SignUpViewController.swift; sourceTree = "<group>"; };
		61DEC5DB284079A60033838F /* LoginViewController.swift */ = {isa = PBXFileReference; lastKnownFileType = sourcecode.swift; path = LoginViewController.swift; sourceTree = "<group>"; };
		61DEC5DE28407B820033838F /* addBorderRadius.swift */ = {isa = PBXFileReference; lastKnownFileType = sourcecode.swift; path = addBorderRadius.swift; sourceTree = "<group>"; };
/* End PBXFileReference section */

/* Begin PBXFrameworksBuildPhase section */
		61544A55283ED34C00FC70CE /* Frameworks */ = {
			isa = PBXFrameworksBuildPhase;
			buildActionMask = 2147483647;
			files = (
			);
			runOnlyForDeploymentPostprocessing = 0;
		};
/* End PBXFrameworksBuildPhase section */

/* Begin PBXGroup section */
		61544A4F283ED34C00FC70CE = {
			isa = PBXGroup;
			children = (
				61544A5A283ED34C00FC70CE /* FunZoneApp */,
				61544A59283ED34C00FC70CE /* Products */,
			);
			sourceTree = "<group>";
		};
		61544A59283ED34C00FC70CE /* Products */ = {
			isa = PBXGroup;
			children = (
				61544A58283ED34C00FC70CE /* FunZoneApp.app */,
			);
			name = Products;
			sourceTree = "<group>";
		};
		61544A5A283ED34C00FC70CE /* FunZoneApp */ = {
			isa = PBXGroup;
			children = (
				6189A96E2849B3EB003BFA7C /* CoreData */,
				6189A9682849B2CB003BFA7C /* Entities */,
				615DE8B6284846650010692A /* music */,
				615DE8B3284840FC0010692A /* books */,
				615DE82B2847CBE30010692A /* Services */,
				61A38D992842DA9800CABC1C /* Classes */,
				61DEC5DD28407A240033838F /* Helpers */,
				61544A73283ED41100FC70CE /* Constants */,
				61544A72283ED3E000FC70CE /* Controllers */,
				61544A5B283ED34C00FC70CE /* AppDelegate.swift */,
				61544A5D283ED34C00FC70CE /* SceneDelegate.swift */,
				61544A5F283ED34C00FC70CE /* ViewController.swift */,
				61544A61283ED34C00FC70CE /* Main.storyboard */,
				61544A67283ED34E00FC70CE /* Assets.xcassets */,
				61544A69283ED34E00FC70CE /* LaunchScreen.storyboard */,
				61544A6C283ED34E00FC70CE /* Info.plist */,
				61544A64283ED34C00FC70CE /* FunZoneApp.xcdatamodeld */,
			);
			path = FunZoneApp;
			sourceTree = "<group>";
		};
		61544A72283ED3E000FC70CE /* Controllers */ = {
			isa = PBXGroup;
			children = (
				6189A99A284A7F2E003BFA7C /* WebPage */,
				615DE8B928484E0A0010692A /* SearchPage */,
				615DE8B0284834320010692A /* BookPage */,
				61AEBE552846E7F800DDF871 /* NotesPage */,
				61A38DBB284470C500CABC1C /* SongsPage */,
				61A38DB02843EE1900CABC1C /* BooksPage */,
				61DEC5E0284086C30033838F /* MoviesPage */,
				61DEC5DA284079210033838F /* LoginPage */,
				61DEC5D5284072FD0033838F /* SignUpPage */,
			);
			path = Controllers;
			sourceTree = "<group>";
		};
		61544A73283ED41100FC70CE /* Constants */ = {
			isa = PBXGroup;
			children = (
				615DE8302847CFF40010692A /* LoginErrors.swift */,
				615DE8322847D8B20010692A /* MetaData.swift */,
				6189A9712849C156003BFA7C /* SignupErrors.swift */,
			);
			path = Constants;
			sourceTree = "<group>";
		};
		615DE82B2847CBE30010692A /* Services */ = {
			isa = PBXGroup;
			children = (
				615DE82C2847CC050010692A /* KeychainManager.swift */,
			);
			path = Services;
			sourceTree = "<group>";
		};
		615DE8B0284834320010692A /* BookPage */ = {
			isa = PBXGroup;
			children = (
				615DE8B1284834500010692A /* BookViewController.swift */,
			);
			path = BookPage;
			sourceTree = "<group>";
		};
		615DE8B3284840FC0010692A /* books */ = {
			isa = PBXGroup;
			children = (
				615DE8B42848417F0010692A /* swiftui-apprentice.pdf */,
			);
			path = books;
			sourceTree = "<group>";
		};
		615DE8B6284846650010692A /* music */ = {
			isa = PBXGroup;
			children = (
				615DE8B72848467B0010692A /* Taylor_Swift_-_Our_Song_(getmp3.pro).mp3 */,
			);
			path = music;
			sourceTree = "<group>";
		};
		615DE8B928484E0A0010692A /* SearchPage */ = {
			isa = PBXGroup;
			children = (
				615DE8BA28484E1D0010692A /* SearchViewController.swift */,
				615DE8BE284852380010692A /* SearchCollectionViewCell.swift */,
			);
			path = SearchPage;
			sourceTree = "<group>";
		};
		6189A9682849B2CB003BFA7C /* Entities */ = {
			isa = PBXGroup;
			children = (
				6189A9692849B2D1003BFA7C /* User */,
			);
			path = Entities;
			sourceTree = "<group>";
		};
		6189A9692849B2D1003BFA7C /* User */ = {
			isa = PBXGroup;
			children = (
				6189A96A2849B2E8003BFA7C /* User+CoreDataClass.swift */,
				6189A96B2849B2E8003BFA7C /* User+CoreDataProperties.swift */,
			);
			path = User;
			sourceTree = "<group>";
		};
		6189A96E2849B3EB003BFA7C /* CoreData */ = {
			isa = PBXGroup;
			children = (
				6189A96F2849B408003BFA7C /* DBHelperClass.swift */,
			);
			path = CoreData;
			sourceTree = "<group>";
		};
		6189A99A284A7F2E003BFA7C /* WebPage */ = {
			isa = PBXGroup;
			children = (
				6189A99B284A7F44003BFA7C /* WebPageViewController.swift */,
			);
			path = WebPage;
			sourceTree = "<group>";
		};
		61A38D992842DA9800CABC1C /* Classes */ = {
			isa = PBXGroup;
			children = (
				61A38D9A2842DB6C00CABC1C /* Movies.swift */,
				61A38DB52843F83C00CABC1C /* BooksActions.swift */,
				61A38DB72843FDAE00CABC1C /* Books.swift */,
				61A38DBC284470D900CABC1C /* Songs.swift */,
				61A38DC4284486E800CABC1C /* SongsActions.swift */,
				61AEBE5C2846E8D000DDF871 /* Notes.swift */,
				61AEBE5E2846E8E300DDF871 /* NotesActions.swift */,
				615DE8BC2848509D0010692A /* SearchBrowsers.swift */,
			);
			path = Classes;
			sourceTree = "<group>";
		};
		61A38DB02843EE1900CABC1C /* BooksPage */ = {
			isa = PBXGroup;
			children = (
				61A38DB12843EE2F00CABC1C /* BooksViewController.swift */,
				61A38DB32843F3DE00CABC1C /* ActionButtonCollectionViewCell.swift */,
				61A38DB92843FDD900CABC1C /* BookCollectionViewCell.swift */,
			);
			path = BooksPage;
			sourceTree = "<group>";
		};
		61A38DBB284470C500CABC1C /* SongsPage */ = {
			isa = PBXGroup;
			children = (
				61A38DBE2844710300CABC1C /* SongPageViewController.swift */,
				61A38DC02844714800CABC1C /* SongCollectionViewCell.swift */,
				61A38DC22844860B00CABC1C /* SongPageActionButtonCollectionViewCell.swift */,
			);
			path = SongsPage;
			sourceTree = "<group>";
		};
		61AEBE552846E7F800DDF871 /* NotesPage */ = {
			isa = PBXGroup;
			children = (
				61AEBE582846E84000DDF871 /* NotesCollectionViewCell.swift */,
				61AEBE5A2846E8B200DDF871 /* NotesPageActionCollectionViewCell.swift */,
				61AEBE602846EC2600DDF871 /* NotesViewController.swift */,
			);
			path = NotesPage;
			sourceTree = "<group>";
		};
		61DEC5D5284072FD0033838F /* SignUpPage */ = {
			isa = PBXGroup;
			children = (
				61DEC5D6284073290033838F /* SignUpViewController.swift */,
			);
			path = SignUpPage;
			sourceTree = "<group>";
		};
		61DEC5DA284079210033838F /* LoginPage */ = {
			isa = PBXGroup;
			children = (
				61DEC5DB284079A60033838F /* LoginViewController.swift */,
			);
			path = LoginPage;
			sourceTree = "<group>";
		};
		61DEC5DD28407A240033838F /* Helpers */ = {
			isa = PBXGroup;
			children = (
				61DEC5DE28407B820033838F /* addBorderRadius.swift */,
				615DE82E2847CCA70010692A /* RememberMeHelper.swift */,
				6189A920284917E2003BFA7C /* Helpers.swift */,
			);
			path = Helpers;
			sourceTree = "<group>";
		};
		61DEC5E0284086C30033838F /* MoviesPage */ = {
			isa = PBXGroup;
			children = (
				61A38D9C2842DD1A00CABC1C /* MovieCollectionViewCell.swift */,
				61A38D9E2842E12000CABC1C /* MoviesViewController.swift */,
				61A38DA12842FC1E00CABC1C /* RecommendedCollectionViewCell.swift */,
			);
			path = MoviesPage;
			sourceTree = "<group>";
		};
/* End PBXGroup section */

/* Begin PBXNativeTarget section */
		61544A57283ED34C00FC70CE /* FunZoneApp */ = {
			isa = PBXNativeTarget;
			buildConfigurationList = 61544A6F283ED34E00FC70CE /* Build configuration list for PBXNativeTarget "FunZoneApp" */;
			buildPhases = (
				61544A54283ED34C00FC70CE /* Sources */,
				61544A55283ED34C00FC70CE /* Frameworks */,
				61544A56283ED34C00FC70CE /* Resources */,
			);
			buildRules = (
			);
			dependencies = (
			);
			name = FunZoneApp;
			productName = FunZoneApp;
			productReference = 61544A58283ED34C00FC70CE /* FunZoneApp.app */;
			productType = "com.apple.product-type.application";
		};
/* End PBXNativeTarget section */

/* Begin PBXProject section */
		61544A50283ED34C00FC70CE /* Project object */ = {
			isa = PBXProject;
			attributes = {
				BuildIndependentTargetsInParallel = 1;
				LastSwiftUpdateCheck = 1330;
				LastUpgradeCheck = 1330;
				TargetAttributes = {
					61544A57283ED34C00FC70CE = {
						CreatedOnToolsVersion = 13.3.1;
					};
				};
			};
			buildConfigurationList = 61544A53283ED34C00FC70CE /* Build configuration list for PBXProject "FunZoneApp" */;
			compatibilityVersion = "Xcode 13.0";
			developmentRegion = en;
			hasScannedForEncodings = 0;
			knownRegions = (
				en,
				Base,
			);
			mainGroup = 61544A4F283ED34C00FC70CE;
			productRefGroup = 61544A59283ED34C00FC70CE /* Products */;
			projectDirPath = "";
			projectRoot = "";
			targets = (
				61544A57283ED34C00FC70CE /* FunZoneApp */,
			);
		};
/* End PBXProject section */

/* Begin PBXResourcesBuildPhase section */
		61544A56283ED34C00FC70CE /* Resources */ = {
			isa = PBXResourcesBuildPhase;
			buildActionMask = 2147483647;
			files = (
				61544A6B283ED34E00FC70CE /* LaunchScreen.storyboard in Resources */,
				615DE8B82848467B0010692A /* Taylor_Swift_-_Our_Song_(getmp3.pro).mp3 in Resources */,
				615DE8B52848417F0010692A /* swiftui-apprentice.pdf in Resources */,
				61544A68283ED34E00FC70CE /* Assets.xcassets in Resources */,
				61544A63283ED34C00FC70CE /* Main.storyboard in Resources */,
			);
			runOnlyForDeploymentPostprocessing = 0;
		};
/* End PBXResourcesBuildPhase section */

/* Begin PBXSourcesBuildPhase section */
		61544A54283ED34C00FC70CE /* Sources */ = {
			isa = PBXSourcesBuildPhase;
			buildActionMask = 2147483647;
			files = (
				61A38DC32844860B00CABC1C /* SongPageActionButtonCollectionViewCell.swift in Sources */,
				6189A96C2849B2E8003BFA7C /* User+CoreDataClass.swift in Sources */,
				61AEBE5D2846E8D000DDF871 /* Notes.swift in Sources */,
				615DE8BD2848509D0010692A /* SearchBrowsers.swift in Sources */,
				61A38DBF2844710300CABC1C /* SongPageViewController.swift in Sources */,
				61A38DC5284486E800CABC1C /* SongsActions.swift in Sources */,
				61DEC5DC284079A60033838F /* LoginViewController.swift in Sources */,
				61AEBE5F2846E8E300DDF871 /* NotesActions.swift in Sources */,
				6189A99C284A7F44003BFA7C /* WebPageViewController.swift in Sources */,
				61A38DC12844714800CABC1C /* SongCollectionViewCell.swift in Sources */,
				6189A921284917E2003BFA7C /* Helpers.swift in Sources */,
				6189A9702849B408003BFA7C /* DBHelperClass.swift in Sources */,
				6189A96D2849B2E8003BFA7C /* User+CoreDataProperties.swift in Sources */,
				615DE8312847CFF40010692A /* LoginErrors.swift in Sources */,
				61A38DA22842FC1E00CABC1C /* RecommendedCollectionViewCell.swift in Sources */,
				61A38DB62843F83C00CABC1C /* BooksActions.swift in Sources */,
				615DE8BB28484E1D0010692A /* SearchViewController.swift in Sources */,
				61A38D9F2842E12000CABC1C /* MoviesViewController.swift in Sources */,
				61544A60283ED34C00FC70CE /* ViewController.swift in Sources */,
				61A38D9B2842DB6C00CABC1C /* Movies.swift in Sources */,
				61A38DB22843EE2F00CABC1C /* BooksViewController.swift in Sources */,
				615DE8B2284834500010692A /* BookViewController.swift in Sources */,
				615DE8332847D8B20010692A /* MetaData.swift in Sources */,
				615DE82D2847CC050010692A /* KeychainManager.swift in Sources */,
				615DE82F2847CCA70010692A /* RememberMeHelper.swift in Sources */,
				61544A66283ED34C00FC70CE /* FunZoneApp.xcdatamodeld in Sources */,
				61DEC5DF28407B820033838F /* addBorderRadius.swift in Sources */,
				61AEBE5B2846E8B200DDF871 /* NotesPageActionCollectionViewCell.swift in Sources */,
				61A38DBA2843FDD900CABC1C /* BookCollectionViewCell.swift in Sources */,
				6189A9722849C156003BFA7C /* SignupErrors.swift in Sources */,
				61A38DB82843FDAE00CABC1C /* Books.swift in Sources */,
				61A38DB42843F3DE00CABC1C /* ActionButtonCollectionViewCell.swift in Sources */,
				61544A5C283ED34C00FC70CE /* AppDelegate.swift in Sources */,
				61AEBE612846EC2600DDF871 /* NotesViewController.swift in Sources */,
				615DE8BF284852380010692A /* SearchCollectionViewCell.swift in Sources */,
				61A38D9D2842DD1A00CABC1C /* MovieCollectionViewCell.swift in Sources */,
				61AEBE592846E84000DDF871 /* NotesCollectionViewCell.swift in Sources */,
				61544A5E283ED34C00FC70CE /* SceneDelegate.swift in Sources */,
				61DEC5D7284073290033838F /* SignUpViewController.swift in Sources */,
				61A38DBD284470D900CABC1C /* Songs.swift in Sources */,
			);
			runOnlyForDeploymentPostprocessing = 0;
		};
/* End PBXSourcesBuildPhase section */

/* Begin PBXVariantGroup section */
		61544A61283ED34C00FC70CE /* Main.storyboard */ = {
			isa = PBXVariantGroup;
			children = (
				61544A62283ED34C00FC70CE /* Base */,
			);
			name = Main.storyboard;
			sourceTree = "<group>";
		};
		61544A69283ED34E00FC70CE /* LaunchScreen.storyboard */ = {
			isa = PBXVariantGroup;
			children = (
				61544A6A283ED34E00FC70CE /* Base */,
			);
			name = LaunchScreen.storyboard;
			sourceTree = "<group>";
		};
/* End PBXVariantGroup section */

/* Begin XCBuildConfiguration section */
		61544A6D283ED34E00FC70CE /* Debug */ = {
			isa = XCBuildConfiguration;
			buildSettings = {
				ALWAYS_SEARCH_USER_PATHS = NO;
				CLANG_ANALYZER_NONNULL = YES;
				CLANG_ANALYZER_NUMBER_OBJECT_CONVERSION = YES_AGGRESSIVE;
				CLANG_CXX_LANGUAGE_STANDARD = "gnu++17";
				CLANG_ENABLE_MODULES = YES;
				CLANG_ENABLE_OBJC_ARC = YES;
				CLANG_ENABLE_OBJC_WEAK = YES;
				CLANG_WARN_BLOCK_CAPTURE_AUTORELEASING = YES;
				CLANG_WARN_BOOL_CONVERSION = YES;
				CLANG_WARN_COMMA = YES;
				CLANG_WARN_CONSTANT_CONVERSION = YES;
				CLANG_WARN_DEPRECATED_OBJC_IMPLEMENTATIONS = YES;
				CLANG_WARN_DIRECT_OBJC_ISA_USAGE = YES_ERROR;
				CLANG_WARN_DOCUMENTATION_COMMENTS = YES;
				CLANG_WARN_EMPTY_BODY = YES;
				CLANG_WARN_ENUM_CONVERSION = YES;
				CLANG_WARN_INFINITE_RECURSION = YES;
				CLANG_WARN_INT_CONVERSION = YES;
				CLANG_WARN_NON_LITERAL_NULL_CONVERSION = YES;
				CLANG_WARN_OBJC_IMPLICIT_RETAIN_SELF = YES;
				CLANG_WARN_OBJC_LITERAL_CONVERSION = YES;
				CLANG_WARN_OBJC_ROOT_CLASS = YES_ERROR;
				CLANG_WARN_QUOTED_INCLUDE_IN_FRAMEWORK_HEADER = YES;
				CLANG_WARN_RANGE_LOOP_ANALYSIS = YES;
				CLANG_WARN_STRICT_PROTOTYPES = YES;
				CLANG_WARN_SUSPICIOUS_MOVE = YES;
				CLANG_WARN_UNGUARDED_AVAILABILITY = YES_AGGRESSIVE;
				CLANG_WARN_UNREACHABLE_CODE = YES;
				CLANG_WARN__DUPLICATE_METHOD_MATCH = YES;
				COPY_PHASE_STRIP = NO;
				DEBUG_INFORMATION_FORMAT = dwarf;
				ENABLE_STRICT_OBJC_MSGSEND = YES;
				ENABLE_TESTABILITY = YES;
				GCC_C_LANGUAGE_STANDARD = gnu11;
				GCC_DYNAMIC_NO_PIC = NO;
				GCC_NO_COMMON_BLOCKS = YES;
				GCC_OPTIMIZATION_LEVEL = 0;
				GCC_PREPROCESSOR_DEFINITIONS = (
					"DEBUG=1",
					"$(inherited)",
				);
				GCC_WARN_64_TO_32_BIT_CONVERSION = YES;
				GCC_WARN_ABOUT_RETURN_TYPE = YES_ERROR;
				GCC_WARN_UNDECLARED_SELECTOR = YES;
				GCC_WARN_UNINITIALIZED_AUTOS = YES_AGGRESSIVE;
				GCC_WARN_UNUSED_FUNCTION = YES;
				GCC_WARN_UNUSED_VARIABLE = YES;
				IPHONEOS_DEPLOYMENT_TARGET = 15.4;
				MTL_ENABLE_DEBUG_INFO = INCLUDE_SOURCE;
				MTL_FAST_MATH = YES;
				ONLY_ACTIVE_ARCH = YES;
				SDKROOT = iphoneos;
				SWIFT_ACTIVE_COMPILATION_CONDITIONS = DEBUG;
				SWIFT_OPTIMIZATION_LEVEL = "-Onone";
			};
			name = Debug;
		};
		61544A6E283ED34E00FC70CE /* Release */ = {
			isa = XCBuildConfiguration;
			buildSettings = {
				ALWAYS_SEARCH_USER_PATHS = NO;
				CLANG_ANALYZER_NONNULL = YES;
				CLANG_ANALYZER_NUMBER_OBJECT_CONVERSION = YES_AGGRESSIVE;
				CLANG_CXX_LANGUAGE_STANDARD = "gnu++17";
				CLANG_ENABLE_MODULES = YES;
				CLANG_ENABLE_OBJC_ARC = YES;
				CLANG_ENABLE_OBJC_WEAK = YES;
				CLANG_WARN_BLOCK_CAPTURE_AUTORELEASING = YES;
				CLANG_WARN_BOOL_CONVERSION = YES;
				CLANG_WARN_COMMA = YES;
				CLANG_WARN_CONSTANT_CONVERSION = YES;
				CLANG_WARN_DEPRECATED_OBJC_IMPLEMENTATIONS = YES;
				CLANG_WARN_DIRECT_OBJC_ISA_USAGE = YES_ERROR;
				CLANG_WARN_DOCUMENTATION_COMMENTS = YES;
				CLANG_WARN_EMPTY_BODY = YES;
				CLANG_WARN_ENUM_CONVERSION = YES;
				CLANG_WARN_INFINITE_RECURSION = YES;
				CLANG_WARN_INT_CONVERSION = YES;
				CLANG_WARN_NON_LITERAL_NULL_CONVERSION = YES;
				CLANG_WARN_OBJC_IMPLICIT_RETAIN_SELF = YES;
				CLANG_WARN_OBJC_LITERAL_CONVERSION = YES;
				CLANG_WARN_OBJC_ROOT_CLASS = YES_ERROR;
				CLANG_WARN_QUOTED_INCLUDE_IN_FRAMEWORK_HEADER = YES;
				CLANG_WARN_RANGE_LOOP_ANALYSIS = YES;
				CLANG_WARN_STRICT_PROTOTYPES = YES;
				CLANG_WARN_SUSPICIOUS_MOVE = YES;
				CLANG_WARN_UNGUARDED_AVAILABILITY = YES_AGGRESSIVE;
				CLANG_WARN_UNREACHABLE_CODE = YES;
				CLANG_WARN__DUPLICATE_METHOD_MATCH = YES;
				COPY_PHASE_STRIP = NO;
				DEBUG_INFORMATION_FORMAT = "dwarf-with-dsym";
				ENABLE_NS_ASSERTIONS = NO;
				ENABLE_STRICT_OBJC_MSGSEND = YES;
				GCC_C_LANGUAGE_STANDARD = gnu11;
				GCC_NO_COMMON_BLOCKS = YES;
				GCC_WARN_64_TO_32_BIT_CONVERSION = YES;
				GCC_WARN_ABOUT_RETURN_TYPE = YES_ERROR;
				GCC_WARN_UNDECLARED_SELECTOR = YES;
				GCC_WARN_UNINITIALIZED_AUTOS = YES_AGGRESSIVE;
				GCC_WARN_UNUSED_FUNCTION = YES;
				GCC_WARN_UNUSED_VARIABLE = YES;
				IPHONEOS_DEPLOYMENT_TARGET = 15.4;
				MTL_ENABLE_DEBUG_INFO = NO;
				MTL_FAST_MATH = YES;
				SDKROOT = iphoneos;
				SWIFT_COMPILATION_MODE = wholemodule;
				SWIFT_OPTIMIZATION_LEVEL = "-O";
				VALIDATE_PRODUCT = YES;
			};
			name = Release;
		};
		61544A70283ED34E00FC70CE /* Debug */ = {
			isa = XCBuildConfiguration;
			buildSettings = {
				ASSETCATALOG_COMPILER_APPICON_NAME = AppIcon;
				ASSETCATALOG_COMPILER_GLOBAL_ACCENT_COLOR_NAME = AccentColor;
				CODE_SIGN_STYLE = Automatic;
				CURRENT_PROJECT_VERSION = 1;
				GENERATE_INFOPLIST_FILE = YES;
				INFOPLIST_FILE = FunZoneApp/Info.plist;
				INFOPLIST_KEY_UIApplicationSupportsIndirectInputEvents = YES;
				INFOPLIST_KEY_UILaunchStoryboardName = LaunchScreen;
				INFOPLIST_KEY_UIMainStoryboardFile = Main;
				INFOPLIST_KEY_UISupportedInterfaceOrientations_iPad = "UIInterfaceOrientationPortrait UIInterfaceOrientationPortraitUpsideDown UIInterfaceOrientationLandscapeLeft UIInterfaceOrientationLandscapeRight";
				INFOPLIST_KEY_UISupportedInterfaceOrientations_iPhone = "UIInterfaceOrientationPortrait UIInterfaceOrientationLandscapeLeft UIInterfaceOrientationLandscapeRight";
				LD_RUNPATH_SEARCH_PATHS = (
					"$(inherited)",
					"@executable_path/Frameworks",
				);
				MARKETING_VERSION = 1.0;
				PRODUCT_BUNDLE_IDENTIFIER = vince.myprojects.FunZoneApp;
				PRODUCT_NAME = "$(TARGET_NAME)";
				SWIFT_EMIT_LOC_STRINGS = YES;
				SWIFT_VERSION = 5.0;
				TARGETED_DEVICE_FAMILY = "1,2";
			};
			name = Debug;
		};
		61544A71283ED34E00FC70CE /* Release */ = {
			isa = XCBuildConfiguration;
			buildSettings = {
				ASSETCATALOG_COMPILER_APPICON_NAME = AppIcon;
				ASSETCATALOG_COMPILER_GLOBAL_ACCENT_COLOR_NAME = AccentColor;
				CODE_SIGN_STYLE = Automatic;
				CURRENT_PROJECT_VERSION = 1;
				GENERATE_INFOPLIST_FILE = YES;
				INFOPLIST_FILE = FunZoneApp/Info.plist;
				INFOPLIST_KEY_UIApplicationSupportsIndirectInputEvents = YES;
				INFOPLIST_KEY_UILaunchStoryboardName = LaunchScreen;
				INFOPLIST_KEY_UIMainStoryboardFile = Main;
				INFOPLIST_KEY_UISupportedInterfaceOrientations_iPad = "UIInterfaceOrientationPortrait UIInterfaceOrientationPortraitUpsideDown UIInterfaceOrientationLandscapeLeft UIInterfaceOrientationLandscapeRight";
				INFOPLIST_KEY_UISupportedInterfaceOrientations_iPhone = "UIInterfaceOrientationPortrait UIInterfaceOrientationLandscapeLeft UIInterfaceOrientationLandscapeRight";
				LD_RUNPATH_SEARCH_PATHS = (
					"$(inherited)",
					"@executable_path/Frameworks",
				);
				MARKETING_VERSION = 1.0;
				PRODUCT_BUNDLE_IDENTIFIER = vince.myprojects.FunZoneApp;
				PRODUCT_NAME = "$(TARGET_NAME)";
				SWIFT_EMIT_LOC_STRINGS = YES;
				SWIFT_VERSION = 5.0;
				TARGETED_DEVICE_FAMILY = "1,2";
			};
			name = Release;
		};
/* End XCBuildConfiguration section */

/* Begin XCConfigurationList section */
		61544A53283ED34C00FC70CE /* Build configuration list for PBXProject "FunZoneApp" */ = {
			isa = XCConfigurationList;
			buildConfigurations = (
				61544A6D283ED34E00FC70CE /* Debug */,
				61544A6E283ED34E00FC70CE /* Release */,
			);
			defaultConfigurationIsVisible = 0;
			defaultConfigurationName = Release;
		};
		61544A6F283ED34E00FC70CE /* Build configuration list for PBXNativeTarget "FunZoneApp" */ = {
			isa = XCConfigurationList;
			buildConfigurations = (
				61544A70283ED34E00FC70CE /* Debug */,
				61544A71283ED34E00FC70CE /* Release */,
			);
			defaultConfigurationIsVisible = 0;
			defaultConfigurationName = Release;
		};
/* End XCConfigurationList section */

/* Begin XCVersionGroup section */
		61544A64283ED34C00FC70CE /* FunZoneApp.xcdatamodeld */ = {
			isa = XCVersionGroup;
			children = (
				61544A65283ED34C00FC70CE /* FunZoneApp.xcdatamodel */,
			);
			currentVersion = 61544A65283ED34C00FC70CE /* FunZoneApp.xcdatamodel */;
			path = FunZoneApp.xcdatamodeld;
			sourceTree = "<group>";
			versionGroupType = wrapper.xcdatamodel;
		};
/* End XCVersionGroup section */
	};
	rootObject = 61544A50283ED34C00FC70CE /* Project object */;
}
